// !$*UTF8*$!
{
	archiveVersion = 1;
	classes = {
	};
	objectVersion = 56;
	objects = {

/* Begin PBXBuildFile section */
		DAF9D6EA29F29562002314E1 /* AppDelegate.swift in Sources */ = {isa = PBXBuildFile; fileRef = DAF9D6E929F29562002314E1 /* AppDelegate.swift */; };
		DAF9D6EC29F29562002314E1 /* SceneDelegate.swift in Sources */ = {isa = PBXBuildFile; fileRef = DAF9D6EB29F29562002314E1 /* SceneDelegate.swift */; };
		DAF9D6EE29F29562002314E1 /* ViewController.swift in Sources */ = {isa = PBXBuildFile; fileRef = DAF9D6ED29F29562002314E1 /* ViewController.swift */; };
		DAF9D6F129F29562002314E1 /* Main.storyboard in Resources */ = {isa = PBXBuildFile; fileRef = DAF9D6EF29F29562002314E1 /* Main.storyboard */; };
		DAF9D6F329F29564002314E1 /* Assets.xcassets in Resources */ = {isa = PBXBuildFile; fileRef = DAF9D6F229F29564002314E1 /* Assets.xcassets */; };
		DAF9D6F629F29564002314E1 /* LaunchScreen.storyboard in Resources */ = {isa = PBXBuildFile; fileRef = DAF9D6F429F29564002314E1 /* LaunchScreen.storyboard */; };
		DAF9D70529F295E0002314E1 /* YBottomSheet in Frameworks */ = {isa = PBXBuildFile; productRef = DAF9D70429F295E0002314E1 /* YBottomSheet */; };
		DAF9D70729F297A9002314E1 /* UpdateTextUIComposer.swift in Sources */ = {isa = PBXBuildFile; fileRef = DAF9D70629F297A9002314E1 /* UpdateTextUIComposer.swift */; };
		DAF9D70929F297B1002314E1 /* SightlineTextFieldViewController.swift in Sources */ = {isa = PBXBuildFile; fileRef = DAF9D70829F297B1002314E1 /* SightlineTextFieldViewController.swift */; };
		DAF9D70B29F297B5002314E1 /* SheetNavigationBar.swift in Sources */ = {isa = PBXBuildFile; fileRef = DAF9D70A29F297B5002314E1 /* SheetNavigationBar.swift */; };
		DAF9D71129F298C2002314E1 /* UINavigationItem+Appearance.swift in Sources */ = {isa = PBXBuildFile; fileRef = DAF9D70F29F298C2002314E1 /* UINavigationItem+Appearance.swift */; };
		DAF9D71229F298C2002314E1 /* UINavigationItem+NavigationItem.swift in Sources */ = {isa = PBXBuildFile; fileRef = DAF9D71029F298C2002314E1 /* UINavigationItem+NavigationItem.swift */; };
/* End PBXBuildFile section */

/* Begin PBXFileReference section */
		DAF9D6E629F29562002314E1 /* UpdateTextField.app */ = {isa = PBXFileReference; explicitFileType = wrapper.application; includeInIndex = 0; path = UpdateTextField.app; sourceTree = BUILT_PRODUCTS_DIR; };
		DAF9D6E929F29562002314E1 /* AppDelegate.swift */ = {isa = PBXFileReference; lastKnownFileType = sourcecode.swift; path = AppDelegate.swift; sourceTree = "<group>"; };
		DAF9D6EB29F29562002314E1 /* SceneDelegate.swift */ = {isa = PBXFileReference; lastKnownFileType = sourcecode.swift; path = SceneDelegate.swift; sourceTree = "<group>"; };
		DAF9D6ED29F29562002314E1 /* ViewController.swift */ = {isa = PBXFileReference; lastKnownFileType = sourcecode.swift; path = ViewController.swift; sourceTree = "<group>"; };
		DAF9D6F029F29562002314E1 /* Base */ = {isa = PBXFileReference; lastKnownFileType = file.storyboard; name = Base; path = Base.lproj/Main.storyboard; sourceTree = "<group>"; };
		DAF9D6F229F29564002314E1 /* Assets.xcassets */ = {isa = PBXFileReference; lastKnownFileType = folder.assetcatalog; path = Assets.xcassets; sourceTree = "<group>"; };
		DAF9D6F529F29564002314E1 /* Base */ = {isa = PBXFileReference; lastKnownFileType = file.storyboard; name = Base; path = Base.lproj/LaunchScreen.storyboard; sourceTree = "<group>"; };
		DAF9D6F729F29564002314E1 /* Info.plist */ = {isa = PBXFileReference; lastKnownFileType = text.plist.xml; path = Info.plist; sourceTree = "<group>"; };
		DAF9D70629F297A9002314E1 /* UpdateTextUIComposer.swift */ = {isa = PBXFileReference; fileEncoding = 4; lastKnownFileType = sourcecode.swift; path = UpdateTextUIComposer.swift; sourceTree = "<group>"; };
		DAF9D70829F297B1002314E1 /* SightlineTextFieldViewController.swift */ = {isa = PBXFileReference; fileEncoding = 4; lastKnownFileType = sourcecode.swift; path = SightlineTextFieldViewController.swift; sourceTree = "<group>"; };
		DAF9D70A29F297B5002314E1 /* SheetNavigationBar.swift */ = {isa = PBXFileReference; fileEncoding = 4; lastKnownFileType = sourcecode.swift; path = SheetNavigationBar.swift; sourceTree = "<group>"; };
		DAF9D70F29F298C2002314E1 /* UINavigationItem+Appearance.swift */ = {isa = PBXFileReference; fileEncoding = 4; lastKnownFileType = sourcecode.swift; path = "UINavigationItem+Appearance.swift"; sourceTree = "<group>"; };
		DAF9D71029F298C2002314E1 /* UINavigationItem+NavigationItem.swift */ = {isa = PBXFileReference; fileEncoding = 4; lastKnownFileType = sourcecode.swift; path = "UINavigationItem+NavigationItem.swift"; sourceTree = "<group>"; };
/* End PBXFileReference section */

/* Begin PBXFrameworksBuildPhase section */
		DAF9D6E329F29562002314E1 /* Frameworks */ = {
			isa = PBXFrameworksBuildPhase;
			buildActionMask = 2147483647;
			files = (
				DAF9D70529F295E0002314E1 /* YBottomSheet in Frameworks */,
			);
			runOnlyForDeploymentPostprocessing = 0;
		};
/* End PBXFrameworksBuildPhase section */

/* Begin PBXGroup section */
		DAF9D6DD29F29562002314E1 = {
			isa = PBXGroup;
			children = (
				DAF9D6E829F29562002314E1 /* UpdateTextField */,
				DAF9D6E729F29562002314E1 /* Products */,
			);
			sourceTree = "<group>";
		};
		DAF9D6E729F29562002314E1 /* Products */ = {
			isa = PBXGroup;
			children = (
				DAF9D6E629F29562002314E1 /* UpdateTextField.app */,
			);
			name = Products;
			sourceTree = "<group>";
		};
		DAF9D6E829F29562002314E1 /* UpdateTextField */ = {
			isa = PBXGroup;
			children = (
				DAF9D70E29F297C2002314E1 /* Composer */,
				DAF9D70C29F297B8002314E1 /* View */,
				DAF9D70D29F297BC002314E1 /* ViewController */,
				DAF9D6E929F29562002314E1 /* AppDelegate.swift */,
				DAF9D6EB29F29562002314E1 /* SceneDelegate.swift */,
				DAF9D6EF29F29562002314E1 /* Main.storyboard */,
				DAF9D6F229F29564002314E1 /* Assets.xcassets */,
				DAF9D6F429F29564002314E1 /* LaunchScreen.storyboard */,
				DAF9D6F729F29564002314E1 /* Info.plist */,
			);
			path = UpdateTextField;
			sourceTree = "<group>";
		};
		DAF9D70C29F297B8002314E1 /* View */ = {
			isa = PBXGroup;
			children = (
				DAF9D70F29F298C2002314E1 /* UINavigationItem+Appearance.swift */,
				DAF9D71029F298C2002314E1 /* UINavigationItem+NavigationItem.swift */,
				DAF9D70A29F297B5002314E1 /* SheetNavigationBar.swift */,
			);
			path = View;
			sourceTree = "<group>";
		};
		DAF9D70D29F297BC002314E1 /* ViewController */ = {
			isa = PBXGroup;
			children = (
				DAF9D6ED29F29562002314E1 /* ViewController.swift */,
				DAF9D70829F297B1002314E1 /* SightlineTextFieldViewController.swift */,
			);
			path = ViewController;
			sourceTree = "<group>";
		};
		DAF9D70E29F297C2002314E1 /* Composer */ = {
			isa = PBXGroup;
			children = (
				DAF9D70629F297A9002314E1 /* UpdateTextUIComposer.swift */,
			);
			path = Composer;
			sourceTree = "<group>";
		};
/* End PBXGroup section */

/* Begin PBXNativeTarget section */
		DAF9D6E529F29562002314E1 /* UpdateTextField */ = {
			isa = PBXNativeTarget;
			buildConfigurationList = DAF9D6FA29F29564002314E1 /* Build configuration list for PBXNativeTarget "UpdateTextField" */;
			buildPhases = (
				DAF9D6E229F29562002314E1 /* Sources */,
				DAF9D6E329F29562002314E1 /* Frameworks */,
				DAF9D6E429F29562002314E1 /* Resources */,
			);
			buildRules = (
			);
			dependencies = (
			);
			name = UpdateTextField;
			packageProductDependencies = (
				DAF9D70429F295E0002314E1 /* YBottomSheet */,
			);
			productName = UpdateTextField;
			productReference = DAF9D6E629F29562002314E1 /* UpdateTextField.app */;
			productType = "com.apple.product-type.application";
		};
/* End PBXNativeTarget section */

/* Begin PBXProject section */
		DAF9D6DE29F29562002314E1 /* Project object */ = {
			isa = PBXProject;
			attributes = {
				BuildIndependentTargetsInParallel = 1;
				LastSwiftUpdateCheck = 1420;
				LastUpgradeCheck = 1420;
				TargetAttributes = {
					DAF9D6E529F29562002314E1 = {
						CreatedOnToolsVersion = 14.2;
					};
				};
			};
			buildConfigurationList = DAF9D6E129F29562002314E1 /* Build configuration list for PBXProject "UpdateTextField" */;
			compatibilityVersion = "Xcode 14.0";
			developmentRegion = en;
			hasScannedForEncodings = 0;
			knownRegions = (
				en,
				Base,
			);
			mainGroup = DAF9D6DD29F29562002314E1;
			packageReferences = (
				DAF9D70329F295E0002314E1 /* XCRemoteSwiftPackageReference "ybottomsheet-ios" */,
			);
			productRefGroup = DAF9D6E729F29562002314E1 /* Products */;
			projectDirPath = "";
			projectRoot = "";
			targets = (
				DAF9D6E529F29562002314E1 /* UpdateTextField */,
			);
		};
/* End PBXProject section */

/* Begin PBXResourcesBuildPhase section */
		DAF9D6E429F29562002314E1 /* Resources */ = {
			isa = PBXResourcesBuildPhase;
			buildActionMask = 2147483647;
			files = (
				DAF9D6F629F29564002314E1 /* LaunchScreen.storyboard in Resources */,
				DAF9D6F329F29564002314E1 /* Assets.xcassets in Resources */,
				DAF9D6F129F29562002314E1 /* Main.storyboard in Resources */,
			);
			runOnlyForDeploymentPostprocessing = 0;
		};
/* End PBXResourcesBuildPhase section */

/* Begin PBXSourcesBuildPhase section */
		DAF9D6E229F29562002314E1 /* Sources */ = {
			isa = PBXSourcesBuildPhase;
			buildActionMask = 2147483647;
			files = (
				DAF9D6EE29F29562002314E1 /* ViewController.swift in Sources */,
				DAF9D70B29F297B5002314E1 /* SheetNavigationBar.swift in Sources */,
				DAF9D71129F298C2002314E1 /* UINavigationItem+Appearance.swift in Sources */,
				DAF9D6EA29F29562002314E1 /* AppDelegate.swift in Sources */,
				DAF9D70929F297B1002314E1 /* SightlineTextFieldViewController.swift in Sources */,
				DAF9D6EC29F29562002314E1 /* SceneDelegate.swift in Sources */,
				DAF9D70729F297A9002314E1 /* UpdateTextUIComposer.swift in Sources */,
				DAF9D71229F298C2002314E1 /* UINavigationItem+NavigationItem.swift in Sources */,
			);
			runOnlyForDeploymentPostprocessing = 0;
		};
/* End PBXSourcesBuildPhase section */

/* Begin PBXVariantGroup section */
		DAF9D6EF29F29562002314E1 /* Main.storyboard */ = {
			isa = PBXVariantGroup;
			children = (
				DAF9D6F029F29562002314E1 /* Base */,
			);
			name = Main.storyboard;
			sourceTree = "<group>";
		};
		DAF9D6F429F29564002314E1 /* LaunchScreen.storyboard */ = {
			isa = PBXVariantGroup;
			children = (
				DAF9D6F529F29564002314E1 /* Base */,
			);
			name = LaunchScreen.storyboard;
			sourceTree = "<group>";
		};
/* End PBXVariantGroup section */

/* Begin XCBuildConfiguration section */
		DAF9D6F829F29564002314E1 /* Debug */ = {
			isa = XCBuildConfiguration;
			buildSettings = {
				ALWAYS_SEARCH_USER_PATHS = NO;
				CLANG_ANALYZER_NONNULL = YES;
				CLANG_ANALYZER_NUMBER_OBJECT_CONVERSION = YES_AGGRESSIVE;
				CLANG_CXX_LANGUAGE_STANDARD = "gnu++20";
				CLANG_ENABLE_MODULES = YES;
				CLANG_ENABLE_OBJC_ARC = YES;
				CLANG_ENABLE_OBJC_WEAK = YES;
				CLANG_WARN_BLOCK_CAPTURE_AUTORELEASING = YES;
				CLANG_WARN_BOOL_CONVERSION = YES;
				CLANG_WARN_COMMA = YES;
				CLANG_WARN_CONSTANT_CONVERSION = YES;
				CLANG_WARN_DEPRECATED_OBJC_IMPLEMENTATIONS = YES;
				CLANG_WARN_DIRECT_OBJC_ISA_USAGE = YES_ERROR;
				CLANG_WARN_DOCUMENTATION_COMMENTS = YES;
				CLANG_WARN_EMPTY_BODY = YES;
				CLANG_WARN_ENUM_CONVERSION = YES;
				CLANG_WARN_INFINITE_RECURSION = YES;
				CLANG_WARN_INT_CONVERSION = YES;
				CLANG_WARN_NON_LITERAL_NULL_CONVERSION = YES;
				CLANG_WARN_OBJC_IMPLICIT_RETAIN_SELF = YES;
				CLANG_WARN_OBJC_LITERAL_CONVERSION = YES;
				CLANG_WARN_OBJC_ROOT_CLASS = YES_ERROR;
				CLANG_WARN_QUOTED_INCLUDE_IN_FRAMEWORK_HEADER = YES;
				CLANG_WARN_RANGE_LOOP_ANALYSIS = YES;
				CLANG_WARN_STRICT_PROTOTYPES = YES;
				CLANG_WARN_SUSPICIOUS_MOVE = YES;
				CLANG_WARN_UNGUARDED_AVAILABILITY = YES_AGGRESSIVE;
				CLANG_WARN_UNREACHABLE_CODE = YES;
				CLANG_WARN__DUPLICATE_METHOD_MATCH = YES;
				COPY_PHASE_STRIP = NO;
				DEBUG_INFORMATION_FORMAT = dwarf;
				ENABLE_STRICT_OBJC_MSGSEND = YES;
				ENABLE_TESTABILITY = YES;
				GCC_C_LANGUAGE_STANDARD = gnu11;
				GCC_DYNAMIC_NO_PIC = NO;
				GCC_NO_COMMON_BLOCKS = YES;
				GCC_OPTIMIZATION_LEVEL = 0;
				GCC_PREPROCESSOR_DEFINITIONS = (
					"DEBUG=1",
					"$(inherited)",
				);
				GCC_WARN_64_TO_32_BIT_CONVERSION = YES;
				GCC_WARN_ABOUT_RETURN_TYPE = YES_ERROR;
				GCC_WARN_UNDECLARED_SELECTOR = YES;
				GCC_WARN_UNINITIALIZED_AUTOS = YES_AGGRESSIVE;
				GCC_WARN_UNUSED_FUNCTION = YES;
				GCC_WARN_UNUSED_VARIABLE = YES;
				IPHONEOS_DEPLOYMENT_TARGET = 16.2;
				MTL_ENABLE_DEBUG_INFO = INCLUDE_SOURCE;
				MTL_FAST_MATH = YES;
				ONLY_ACTIVE_ARCH = YES;
				SDKROOT = iphoneos;
				SWIFT_ACTIVE_COMPILATION_CONDITIONS = DEBUG;
				SWIFT_OPTIMIZATION_LEVEL = "-Onone";
			};
			name = Debug;
		};
		DAF9D6F929F29564002314E1 /* Release */ = {
			isa = XCBuildConfiguration;
			buildSettings = {
				ALWAYS_SEARCH_USER_PATHS = NO;
				CLANG_ANALYZER_NONNULL = YES;
				CLANG_ANALYZER_NUMBER_OBJECT_CONVERSION = YES_AGGRESSIVE;
				CLANG_CXX_LANGUAGE_STANDARD = "gnu++20";
				CLANG_ENABLE_MODULES = YES;
				CLANG_ENABLE_OBJC_ARC = YES;
				CLANG_ENABLE_OBJC_WEAK = YES;
				CLANG_WARN_BLOCK_CAPTURE_AUTORELEASING = YES;
				CLANG_WARN_BOOL_CONVERSION = YES;
				CLANG_WARN_COMMA = YES;
				CLANG_WARN_CONSTANT_CONVERSION = YES;
				CLANG_WARN_DEPRECATED_OBJC_IMPLEMENTATIONS = YES;
				CLANG_WARN_DIRECT_OBJC_ISA_USAGE = YES_ERROR;
				CLANG_WARN_DOCUMENTATION_COMMENTS = YES;
				CLANG_WARN_EMPTY_BODY = YES;
				CLANG_WARN_ENUM_CONVERSION = YES;
				CLANG_WARN_INFINITE_RECURSION = YES;
				CLANG_WARN_INT_CONVERSION = YES;
				CLANG_WARN_NON_LITERAL_NULL_CONVERSION = YES;
				CLANG_WARN_OBJC_IMPLICIT_RETAIN_SELF = YES;
				CLANG_WARN_OBJC_LITERAL_CONVERSION = YES;
				CLANG_WARN_OBJC_ROOT_CLASS = YES_ERROR;
				CLANG_WARN_QUOTED_INCLUDE_IN_FRAMEWORK_HEADER = YES;
				CLANG_WARN_RANGE_LOOP_ANALYSIS = YES;
				CLANG_WARN_STRICT_PROTOTYPES = YES;
				CLANG_WARN_SUSPICIOUS_MOVE = YES;
				CLANG_WARN_UNGUARDED_AVAILABILITY = YES_AGGRESSIVE;
				CLANG_WARN_UNREACHABLE_CODE = YES;
				CLANG_WARN__DUPLICATE_METHOD_MATCH = YES;
				COPY_PHASE_STRIP = NO;
				DEBUG_INFORMATION_FORMAT = "dwarf-with-dsym";
				ENABLE_NS_ASSERTIONS = NO;
				ENABLE_STRICT_OBJC_MSGSEND = YES;
				GCC_C_LANGUAGE_STANDARD = gnu11;
				GCC_NO_COMMON_BLOCKS = YES;
				GCC_WARN_64_TO_32_BIT_CONVERSION = YES;
				GCC_WARN_ABOUT_RETURN_TYPE = YES_ERROR;
				GCC_WARN_UNDECLARED_SELECTOR = YES;
				GCC_WARN_UNINITIALIZED_AUTOS = YES_AGGRESSIVE;
				GCC_WARN_UNUSED_FUNCTION = YES;
				GCC_WARN_UNUSED_VARIABLE = YES;
				IPHONEOS_DEPLOYMENT_TARGET = 16.2;
				MTL_ENABLE_DEBUG_INFO = NO;
				MTL_FAST_MATH = YES;
				SDKROOT = iphoneos;
				SWIFT_COMPILATION_MODE = wholemodule;
				SWIFT_OPTIMIZATION_LEVEL = "-O";
				VALIDATE_PRODUCT = YES;
			};
			name = Release;
		};
		DAF9D6FB29F29564002314E1 /* Debug */ = {
			isa = XCBuildConfiguration;
			buildSettings = {
				ASSETCATALOG_COMPILER_APPICON_NAME = AppIcon;
				ASSETCATALOG_COMPILER_GLOBAL_ACCENT_COLOR_NAME = AccentColor;
				CODE_SIGN_STYLE = Automatic;
				CURRENT_PROJECT_VERSION = 1;
				DEVELOPMENT_TEAM = 7BQ7XA9X92;
				GENERATE_INFOPLIST_FILE = YES;
				INFOPLIST_FILE = UpdateTextField/Info.plist;
				INFOPLIST_KEY_UIApplicationSupportsIndirectInputEvents = YES;
				INFOPLIST_KEY_UILaunchStoryboardName = LaunchScreen;
				INFOPLIST_KEY_UIMainStoryboardFile = Main;
				INFOPLIST_KEY_UISupportedInterfaceOrientations_iPad = "UIInterfaceOrientationPortrait UIInterfaceOrientationPortraitUpsideDown UIInterfaceOrientationLandscapeLeft UIInterfaceOrientationLandscapeRight";
				INFOPLIST_KEY_UISupportedInterfaceOrientations_iPhone = "UIInterfaceOrientationPortrait UIInterfaceOrientationLandscapeLeft UIInterfaceOrientationLandscapeRight";
				LD_RUNPATH_SEARCH_PATHS = (
					"$(inherited)",
					"@executable_path/Frameworks",
				);
				MARKETING_VERSION = 1.0;
				PRODUCT_BUNDLE_IDENTIFIER = com.example.karthikkmanoj.UpdateTextField;
				PRODUCT_NAME = "$(TARGET_NAME)";
				SWIFT_EMIT_LOC_STRINGS = YES;
				SWIFT_VERSION = 5.0;
				TARGETED_DEVICE_FAMILY = "1,2";
			};
			name = Debug;
		};
		DAF9D6FC29F29564002314E1 /* Release */ = {
			isa = XCBuildConfiguration;
			buildSettings = {
				ASSETCATALOG_COMPILER_APPICON_NAME = AppIcon;
				ASSETCATALOG_COMPILER_GLOBAL_ACCENT_COLOR_NAME = AccentColor;
				CODE_SIGN_STYLE = Automatic;
				CURRENT_PROJECT_VERSION = 1;
				DEVELOPMENT_TEAM = 7BQ7XA9X92;
				GENERATE_INFOPLIST_FILE = YES;
				INFOPLIST_FILE = UpdateTextField/Info.plist;
				INFOPLIST_KEY_UIApplicationSupportsIndirectInputEvents = YES;
				INFOPLIST_KEY_UILaunchStoryboardName = LaunchScreen;
				INFOPLIST_KEY_UIMainStoryboardFile = Main;
				INFOPLIST_KEY_UISupportedInterfaceOrientations_iPad = "UIInterfaceOrientationPortrait UIInterfaceOrientationPortraitUpsideDown UIInterfaceOrientationLandscapeLeft UIInterfaceOrientationLandscapeRight";
				INFOPLIST_KEY_UISupportedInterfaceOrientations_iPhone = "UIInterfaceOrientationPortrait UIInterfaceOrientationLandscapeLeft UIInterfaceOrientationLandscapeRight";
				LD_RUNPATH_SEARCH_PATHS = (
					"$(inherited)",
					"@executable_path/Frameworks",
				);
				MARKETING_VERSION = 1.0;
				PRODUCT_BUNDLE_IDENTIFIER = com.example.karthikkmanoj.UpdateTextField;
				PRODUCT_NAME = "$(TARGET_NAME)";
				SWIFT_EMIT_LOC_STRINGS = YES;
				SWIFT_VERSION = 5.0;
				TARGETED_DEVICE_FAMILY = "1,2";
			};
			name = Release;
		};
/* End XCBuildConfiguration section */

/* Begin XCConfigurationList section */
		DAF9D6E129F29562002314E1 /* Build configuration list for PBXProject "UpdateTextField" */ = {
			isa = XCConfigurationList;
			buildConfigurations = (
				DAF9D6F829F29564002314E1 /* Debug */,
				DAF9D6F929F29564002314E1 /* Release */,
			);
			defaultConfigurationIsVisible = 0;
			defaultConfigurationName = Release;
		};
		DAF9D6FA29F29564002314E1 /* Build configuration list for PBXNativeTarget "UpdateTextField" */ = {
			isa = XCConfigurationList;
			buildConfigurations = (
				DAF9D6FB29F29564002314E1 /* Debug */,
				DAF9D6FC29F29564002314E1 /* Release */,
			);
			defaultConfigurationIsVisible = 0;
			defaultConfigurationName = Release;
		};
/* End XCConfigurationList section */

/* Begin XCRemoteSwiftPackageReference section */
		DAF9D70329F295E0002314E1 /* XCRemoteSwiftPackageReference "ybottomsheet-ios" */ = {
			isa = XCRemoteSwiftPackageReference;
			repositoryURL = "https://github.com/yml-org/ybottomsheet-ios";
			requirement = {
				kind = upToNextMajorVersion;
				minimumVersion = 1.0.0;
			};
		};
/* End XCRemoteSwiftPackageReference section */

/* Begin XCSwiftPackageProductDependency section */
		DAF9D70429F295E0002314E1 /* YBottomSheet */ = {
			isa = XCSwiftPackageProductDependency;
			package = DAF9D70329F295E0002314E1 /* XCRemoteSwiftPackageReference "ybottomsheet-ios" */;
			productName = YBottomSheet;
		};
/* End XCSwiftPackageProductDependency section */
	};
	rootObject = DAF9D6DE29F29562002314E1 /* Project object */;
}
